// !$*UTF8*$!
{
	archiveVersion = 1;
	classes = {
	};
	objectVersion = 55;
	objects = {

/* Begin PBXBuildFile section */
		03E83CFF26E1690F00746B29 /* GlagolitsaApp.swift in Sources */ = {isa = PBXBuildFile; fileRef = 03E83CF126E1690C00746B29 /* GlagolitsaApp.swift */; };
		03E83D0026E1690F00746B29 /* GlagolitsaApp.swift in Sources */ = {isa = PBXBuildFile; fileRef = 03E83CF126E1690C00746B29 /* GlagolitsaApp.swift */; };
		03E83D0126E1690F00746B29 /* ContentView.swift in Sources */ = {isa = PBXBuildFile; fileRef = 03E83CF226E1690C00746B29 /* ContentView.swift */; };
		03E83D0226E1690F00746B29 /* ContentView.swift in Sources */ = {isa = PBXBuildFile; fileRef = 03E83CF226E1690C00746B29 /* ContentView.swift */; };
		03E83D0326E1690F00746B29 /* Assets.xcassets in Resources */ = {isa = PBXBuildFile; fileRef = 03E83CF326E1690E00746B29 /* Assets.xcassets */; };
		03E83D0426E1690F00746B29 /* Assets.xcassets in Resources */ = {isa = PBXBuildFile; fileRef = 03E83CF326E1690E00746B29 /* Assets.xcassets */; };
		03E83D0E26E16DA200746B29 /* Converter.swift in Sources */ = {isa = PBXBuildFile; fileRef = 03E83D0D26E16DA200746B29 /* Converter.swift */; };
		03E83D0F26E16DA200746B29 /* Converter.swift in Sources */ = {isa = PBXBuildFile; fileRef = 03E83D0D26E16DA200746B29 /* Converter.swift */; };
		03E83D1126E1804600746B29 /* Util.swift in Sources */ = {isa = PBXBuildFile; fileRef = 03E83D1026E1804600746B29 /* Util.swift */; };
		03E83D1226E1804600746B29 /* Util.swift in Sources */ = {isa = PBXBuildFile; fileRef = 03E83D1026E1804600746B29 /* Util.swift */; };
		03E83D1A26E24E4800746B29 /* PTSerif-Regular.ttf in Resources */ = {isa = PBXBuildFile; fileRef = 03E83D1926E24E4800746B29 /* PTSerif-Regular.ttf */; };
		03E83D1B26E24E4800746B29 /* PTSerif-Regular.ttf in Resources */ = {isa = PBXBuildFile; fileRef = 03E83D1926E24E4800746B29 /* PTSerif-Regular.ttf */; };
		03E83D1E26E256B900746B29 /* DeviceRotationViewModifier.swift in Sources */ = {isa = PBXBuildFile; fileRef = 03E83D1D26E256B900746B29 /* DeviceRotationViewModifier.swift */; };
		03E83D2126E2570B00746B29 /* ViewExt.swift in Sources */ = {isa = PBXBuildFile; fileRef = 03E83D2026E2570B00746B29 /* ViewExt.swift */; };
		03E83D2326E2776100746B29 /* Sidebar.swift in Sources */ = {isa = PBXBuildFile; fileRef = 03E83D2226E2776100746B29 /* Sidebar.swift */; };
		03E83D2426E2776100746B29 /* Sidebar.swift in Sources */ = {isa = PBXBuildFile; fileRef = 03E83D2226E2776100746B29 /* Sidebar.swift */; };
		03E83D2626E2777D00746B29 /* MainView.swift in Sources */ = {isa = PBXBuildFile; fileRef = 03E83D2526E2777D00746B29 /* MainView.swift */; };
		03E83D2726E2777D00746B29 /* MainView.swift in Sources */ = {isa = PBXBuildFile; fileRef = 03E83D2526E2777D00746B29 /* MainView.swift */; };
		03E83D2926E277B600746B29 /* AboutView.swift in Sources */ = {isa = PBXBuildFile; fileRef = 03E83D2826E277B600746B29 /* AboutView.swift */; };
		03E83D2A26E277B600746B29 /* AboutView.swift in Sources */ = {isa = PBXBuildFile; fileRef = 03E83D2826E277B600746B29 /* AboutView.swift */; };
		03E83D2D26E2B5EF00746B29 /* Config.swift in Sources */ = {isa = PBXBuildFile; fileRef = 03E83D2C26E2B5EF00746B29 /* Config.swift */; };
		03E83D2E26E2B5EF00746B29 /* Config.swift in Sources */ = {isa = PBXBuildFile; fileRef = 03E83D2C26E2B5EF00746B29 /* Config.swift */; };
		03E83D3026E2B64400746B29 /* ShareSheet.swift in Sources */ = {isa = PBXBuildFile; fileRef = 03E83D2F26E2B64400746B29 /* ShareSheet.swift */; };
		03E83D3126E2B64400746B29 /* ShareSheet.swift in Sources */ = {isa = PBXBuildFile; fileRef = 03E83D2F26E2B64400746B29 /* ShareSheet.swift */; };
		03E83D4826E64F3600746B29 /* Shafarik-Regular.otf in Resources */ = {isa = PBXBuildFile; fileRef = 03E83D4726E64F3600746B29 /* Shafarik-Regular.otf */; };
		03E83D4926E64F3600746B29 /* Shafarik-Regular.otf in Resources */ = {isa = PBXBuildFile; fileRef = 03E83D4726E64F3600746B29 /* Shafarik-Regular.otf */; };
		03E83D4B26E66A1D00746B29 /* SaveImageSheet.swift in Sources */ = {isa = PBXBuildFile; fileRef = 03E83D4A26E66A1D00746B29 /* SaveImageSheet.swift */; };
		03E83D4C26E66A1D00746B29 /* SaveImageSheet.swift in Sources */ = {isa = PBXBuildFile; fileRef = 03E83D4A26E66A1D00746B29 /* SaveImageSheet.swift */; };
		03E83D4E26E6AAA500746B29 /* UIViewExt.swift in Sources */ = {isa = PBXBuildFile; fileRef = 03E83D4D26E6AAA500746B29 /* UIViewExt.swift */; };
		03E83D4F26E6AAA500746B29 /* UIViewExt.swift in Sources */ = {isa = PBXBuildFile; fileRef = 03E83D4D26E6AAA500746B29 /* UIViewExt.swift */; };
		03E83D5126E6C16900746B29 /* SizePreferenceKey.swift in Sources */ = {isa = PBXBuildFile; fileRef = 03E83D5026E6C16900746B29 /* SizePreferenceKey.swift */; };
		03E83D5226E6C16900746B29 /* SizePreferenceKey.swift in Sources */ = {isa = PBXBuildFile; fileRef = 03E83D5026E6C16900746B29 /* SizePreferenceKey.swift */; };
/* End PBXBuildFile section */

/* Begin PBXFileReference section */
		03E83CF126E1690C00746B29 /* GlagolitsaApp.swift */ = {isa = PBXFileReference; lastKnownFileType = sourcecode.swift; path = GlagolitsaApp.swift; sourceTree = "<group>"; };
		03E83CF226E1690C00746B29 /* ContentView.swift */ = {isa = PBXFileReference; lastKnownFileType = sourcecode.swift; path = ContentView.swift; sourceTree = "<group>"; };
		03E83CF326E1690E00746B29 /* Assets.xcassets */ = {isa = PBXFileReference; lastKnownFileType = folder.assetcatalog; path = Assets.xcassets; sourceTree = "<group>"; };
		03E83CF826E1690E00746B29 /* Glagolitsa.app */ = {isa = PBXFileReference; explicitFileType = wrapper.application; includeInIndex = 0; path = Glagolitsa.app; sourceTree = BUILT_PRODUCTS_DIR; };
		03E83CFE26E1690F00746B29 /* Glagolitsa.app */ = {isa = PBXFileReference; explicitFileType = wrapper.application; includeInIndex = 0; path = Glagolitsa.app; sourceTree = BUILT_PRODUCTS_DIR; };
		03E83D0D26E16DA200746B29 /* Converter.swift */ = {isa = PBXFileReference; lastKnownFileType = sourcecode.swift; path = Converter.swift; sourceTree = "<group>"; };
		03E83D1026E1804600746B29 /* Util.swift */ = {isa = PBXFileReference; lastKnownFileType = sourcecode.swift; path = Util.swift; sourceTree = "<group>"; };
		03E83D1726E244F600746B29 /* Glagolitsa--iOS--Info.plist */ = {isa = PBXFileReference; lastKnownFileType = text.plist; path = "Glagolitsa--iOS--Info.plist"; sourceTree = "<group>"; };
		03E83D1826E245CC00746B29 /* Glagolitsa--macOS--Info.plist */ = {isa = PBXFileReference; lastKnownFileType = text.plist; path = "Glagolitsa--macOS--Info.plist"; sourceTree = "<group>"; };
		03E83D1926E24E4800746B29 /* PTSerif-Regular.ttf */ = {isa = PBXFileReference; lastKnownFileType = file; path = "PTSerif-Regular.ttf"; sourceTree = "<group>"; };
		03E83D1D26E256B900746B29 /* DeviceRotationViewModifier.swift */ = {isa = PBXFileReference; lastKnownFileType = sourcecode.swift; path = DeviceRotationViewModifier.swift; sourceTree = "<group>"; };
		03E83D2026E2570B00746B29 /* ViewExt.swift */ = {isa = PBXFileReference; lastKnownFileType = sourcecode.swift; path = ViewExt.swift; sourceTree = "<group>"; };
		03E83D2226E2776100746B29 /* Sidebar.swift */ = {isa = PBXFileReference; lastKnownFileType = sourcecode.swift; path = Sidebar.swift; sourceTree = "<group>"; };
		03E83D2526E2777D00746B29 /* MainView.swift */ = {isa = PBXFileReference; lastKnownFileType = sourcecode.swift; path = MainView.swift; sourceTree = "<group>"; };
		03E83D2826E277B600746B29 /* AboutView.swift */ = {isa = PBXFileReference; lastKnownFileType = sourcecode.swift; path = AboutView.swift; sourceTree = "<group>"; };
		03E83D2C26E2B5EF00746B29 /* Config.swift */ = {isa = PBXFileReference; lastKnownFileType = sourcecode.swift; path = Config.swift; sourceTree = "<group>"; };
		03E83D2F26E2B64400746B29 /* ShareSheet.swift */ = {isa = PBXFileReference; lastKnownFileType = sourcecode.swift; path = ShareSheet.swift; sourceTree = "<group>"; };
		03E83D4726E64F3600746B29 /* Shafarik-Regular.otf */ = {isa = PBXFileReference; lastKnownFileType = file; path = "Shafarik-Regular.otf"; sourceTree = "<group>"; };
		03E83D4A26E66A1D00746B29 /* SaveImageSheet.swift */ = {isa = PBXFileReference; lastKnownFileType = sourcecode.swift; path = SaveImageSheet.swift; sourceTree = "<group>"; };
		03E83D4D26E6AAA500746B29 /* UIViewExt.swift */ = {isa = PBXFileReference; lastKnownFileType = sourcecode.swift; path = UIViewExt.swift; sourceTree = "<group>"; };
		03E83D5026E6C16900746B29 /* SizePreferenceKey.swift */ = {isa = PBXFileReference; lastKnownFileType = sourcecode.swift; path = SizePreferenceKey.swift; sourceTree = "<group>"; };
/* End PBXFileReference section */

/* Begin PBXFrameworksBuildPhase section */
		03E83CF526E1690E00746B29 /* Frameworks */ = {
			isa = PBXFrameworksBuildPhase;
			buildActionMask = 2147483647;
			files = (
			);
			runOnlyForDeploymentPostprocessing = 0;
		};
		03E83CFB26E1690F00746B29 /* Frameworks */ = {
			isa = PBXFrameworksBuildPhase;
			buildActionMask = 2147483647;
			files = (
			);
			runOnlyForDeploymentPostprocessing = 0;
		};
/* End PBXFrameworksBuildPhase section */

/* Begin PBXGroup section */
		03E83CEB26E1690C00746B29 = {
			isa = PBXGroup;
			children = (
				03E83D1C26E256A500746B29 /* iOS */,
				03E83D1826E245CC00746B29 /* Glagolitsa--macOS--Info.plist */,
				03E83D1726E244F600746B29 /* Glagolitsa--iOS--Info.plist */,
				03E83CF026E1690C00746B29 /* Shared */,
				03E83CF926E1690E00746B29 /* Products */,
			);
			sourceTree = "<group>";
		};
		03E83CF026E1690C00746B29 /* Shared */ = {
			isa = PBXGroup;
			children = (
				03E83D2B26E27C6200746B29 /* Views */,
				03E83D1326E2418200746B29 /* Fonts */,
				03E83CF126E1690C00746B29 /* GlagolitsaApp.swift */,
				03E83CF326E1690E00746B29 /* Assets.xcassets */,
				03E83D0D26E16DA200746B29 /* Converter.swift */,
				03E83D1026E1804600746B29 /* Util.swift */,
				03E83D2C26E2B5EF00746B29 /* Config.swift */,
				03E83D5026E6C16900746B29 /* SizePreferenceKey.swift */,
			);
			path = Shared;
			sourceTree = "<group>";
		};
		03E83CF926E1690E00746B29 /* Products */ = {
			isa = PBXGroup;
			children = (
				03E83CF826E1690E00746B29 /* Glagolitsa.app */,
				03E83CFE26E1690F00746B29 /* Glagolitsa.app */,
			);
			name = Products;
			sourceTree = "<group>";
		};
		03E83D1326E2418200746B29 /* Fonts */ = {
			isa = PBXGroup;
			children = (
				03E83D4726E64F3600746B29 /* Shafarik-Regular.otf */,
				03E83D1926E24E4800746B29 /* PTSerif-Regular.ttf */,
			);
			path = Fonts;
			sourceTree = "<group>";
		};
		03E83D1C26E256A500746B29 /* iOS */ = {
			isa = PBXGroup;
			children = (
				03E83D1F26E256FA00746B29 /* Ext */,
				03E83D1D26E256B900746B29 /* DeviceRotationViewModifier.swift */,
			);
			path = iOS;
			sourceTree = "<group>";
		};
		03E83D1F26E256FA00746B29 /* Ext */ = {
			isa = PBXGroup;
			children = (
				03E83D2026E2570B00746B29 /* ViewExt.swift */,
				03E83D4D26E6AAA500746B29 /* UIViewExt.swift */,
			);
			path = Ext;
			sourceTree = "<group>";
		};
		03E83D2B26E27C6200746B29 /* Views */ = {
			isa = PBXGroup;
			children = (
				03E83D2226E2776100746B29 /* Sidebar.swift */,
				03E83CF226E1690C00746B29 /* ContentView.swift */,
				03E83D2526E2777D00746B29 /* MainView.swift */,
				03E83D2826E277B600746B29 /* AboutView.swift */,
				03E83D2F26E2B64400746B29 /* ShareSheet.swift */,
				03E83D4A26E66A1D00746B29 /* SaveImageSheet.swift */,
			);
			path = Views;
			sourceTree = "<group>";
		};
/* End PBXGroup section */

/* Begin PBXNativeTarget section */
		03E83CF726E1690E00746B29 /* Glagolitsa (iOS) */ = {
			isa = PBXNativeTarget;
			buildConfigurationList = 03E83D0726E1690F00746B29 /* Build configuration list for PBXNativeTarget "Glagolitsa (iOS)" */;
			buildPhases = (
				03E83CF426E1690E00746B29 /* Sources */,
				03E83CF526E1690E00746B29 /* Frameworks */,
				03E83CF626E1690E00746B29 /* Resources */,
			);
			buildRules = (
			);
			dependencies = (
			);
			name = "Glagolitsa (iOS)";
			productName = "Glagolitsa (iOS)";
			productReference = 03E83CF826E1690E00746B29 /* Glagolitsa.app */;
			productType = "com.apple.product-type.application";
		};
		03E83CFD26E1690F00746B29 /* Glagolitsa (macOS) */ = {
			isa = PBXNativeTarget;
			buildConfigurationList = 03E83D0A26E1690F00746B29 /* Build configuration list for PBXNativeTarget "Glagolitsa (macOS)" */;
			buildPhases = (
				03E83CFA26E1690F00746B29 /* Sources */,
				03E83CFB26E1690F00746B29 /* Frameworks */,
				03E83CFC26E1690F00746B29 /* Resources */,
			);
			buildRules = (
			);
			dependencies = (
			);
			name = "Glagolitsa (macOS)";
			productName = "Glagolitsa (macOS)";
			productReference = 03E83CFE26E1690F00746B29 /* Glagolitsa.app */;
			productType = "com.apple.product-type.application";
		};
/* End PBXNativeTarget section */

/* Begin PBXProject section */
		03E83CEC26E1690C00746B29 /* Project object */ = {
			isa = PBXProject;
			attributes = {
				BuildIndependentTargetsInParallel = 1;
				LastSwiftUpdateCheck = 1300;
				LastUpgradeCheck = 1300;
				TargetAttributes = {
					03E83CF726E1690E00746B29 = {
						CreatedOnToolsVersion = 13.0;
					};
					03E83CFD26E1690F00746B29 = {
						CreatedOnToolsVersion = 13.0;
					};
				};
			};
			buildConfigurationList = 03E83CEF26E1690C00746B29 /* Build configuration list for PBXProject "Glagolitsa" */;
			compatibilityVersion = "Xcode 13.0";
			developmentRegion = en;
			hasScannedForEncodings = 0;
			knownRegions = (
				en,
				Base,
			);
			mainGroup = 03E83CEB26E1690C00746B29;
			productRefGroup = 03E83CF926E1690E00746B29 /* Products */;
			projectDirPath = "";
			projectRoot = "";
			targets = (
				03E83CF726E1690E00746B29 /* Glagolitsa (iOS) */,
				03E83CFD26E1690F00746B29 /* Glagolitsa (macOS) */,
			);
		};
/* End PBXProject section */

/* Begin PBXResourcesBuildPhase section */
		03E83CF626E1690E00746B29 /* Resources */ = {
			isa = PBXResourcesBuildPhase;
			buildActionMask = 2147483647;
			files = (
				03E83D1A26E24E4800746B29 /* PTSerif-Regular.ttf in Resources */,
				03E83D0326E1690F00746B29 /* Assets.xcassets in Resources */,
				03E83D4826E64F3600746B29 /* Shafarik-Regular.otf in Resources */,
			);
			runOnlyForDeploymentPostprocessing = 0;
		};
		03E83CFC26E1690F00746B29 /* Resources */ = {
			isa = PBXResourcesBuildPhase;
			buildActionMask = 2147483647;
			files = (
				03E83D1B26E24E4800746B29 /* PTSerif-Regular.ttf in Resources */,
				03E83D0426E1690F00746B29 /* Assets.xcassets in Resources */,
				03E83D4926E64F3600746B29 /* Shafarik-Regular.otf in Resources */,
			);
			runOnlyForDeploymentPostprocessing = 0;
		};
/* End PBXResourcesBuildPhase section */

/* Begin PBXSourcesBuildPhase section */
		03E83CF426E1690E00746B29 /* Sources */ = {
			isa = PBXSourcesBuildPhase;
			buildActionMask = 2147483647;
			files = (
				03E83D4E26E6AAA500746B29 /* UIViewExt.swift in Sources */,
				03E83D0126E1690F00746B29 /* ContentView.swift in Sources */,
				03E83D2626E2777D00746B29 /* MainView.swift in Sources */,
				03E83D0E26E16DA200746B29 /* Converter.swift in Sources */,
				03E83CFF26E1690F00746B29 /* GlagolitsaApp.swift in Sources */,
				03E83D2926E277B600746B29 /* AboutView.swift in Sources */,
				03E83D1E26E256B900746B29 /* DeviceRotationViewModifier.swift in Sources */,
				03E83D5126E6C16900746B29 /* SizePreferenceKey.swift in Sources */,
				03E83D4B26E66A1D00746B29 /* SaveImageSheet.swift in Sources */,
				03E83D2126E2570B00746B29 /* ViewExt.swift in Sources */,
				03E83D2D26E2B5EF00746B29 /* Config.swift in Sources */,
				03E83D2326E2776100746B29 /* Sidebar.swift in Sources */,
				03E83D1126E1804600746B29 /* Util.swift in Sources */,
				03E83D3026E2B64400746B29 /* ShareSheet.swift in Sources */,
			);
			runOnlyForDeploymentPostprocessing = 0;
		};
		03E83CFA26E1690F00746B29 /* Sources */ = {
			isa = PBXSourcesBuildPhase;
			buildActionMask = 2147483647;
			files = (
				03E83D2426E2776100746B29 /* Sidebar.swift in Sources */,
				03E83D2A26E277B600746B29 /* AboutView.swift in Sources */,
				03E83D4C26E66A1D00746B29 /* SaveImageSheet.swift in Sources */,
				03E83D2726E2777D00746B29 /* MainView.swift in Sources */,
				03E83D0226E1690F00746B29 /* ContentView.swift in Sources */,
				03E83D5226E6C16900746B29 /* SizePreferenceKey.swift in Sources */,
				03E83D4F26E6AAA500746B29 /* UIViewExt.swift in Sources */,
				03E83D0F26E16DA200746B29 /* Converter.swift in Sources */,
				03E83D2E26E2B5EF00746B29 /* Config.swift in Sources */,
				03E83D0026E1690F00746B29 /* GlagolitsaApp.swift in Sources */,
				03E83D3126E2B64400746B29 /* ShareSheet.swift in Sources */,
				03E83D1226E1804600746B29 /* Util.swift in Sources */,
			);
			runOnlyForDeploymentPostprocessing = 0;
		};
/* End PBXSourcesBuildPhase section */

/* Begin XCBuildConfiguration section */
		03E83D0526E1690F00746B29 /* Debug */ = {
			isa = XCBuildConfiguration;
			buildSettings = {
				ALWAYS_SEARCH_USER_PATHS = NO;
				CLANG_ANALYZER_NONNULL = YES;
				CLANG_ANALYZER_NUMBER_OBJECT_CONVERSION = YES_AGGRESSIVE;
				CLANG_CXX_LANGUAGE_STANDARD = "gnu++17";
				CLANG_CXX_LIBRARY = "libc++";
				CLANG_ENABLE_MODULES = YES;
				CLANG_ENABLE_OBJC_ARC = YES;
				CLANG_ENABLE_OBJC_WEAK = YES;
				CLANG_WARN_BLOCK_CAPTURE_AUTORELEASING = YES;
				CLANG_WARN_BOOL_CONVERSION = YES;
				CLANG_WARN_COMMA = YES;
				CLANG_WARN_CONSTANT_CONVERSION = YES;
				CLANG_WARN_DEPRECATED_OBJC_IMPLEMENTATIONS = YES;
				CLANG_WARN_DIRECT_OBJC_ISA_USAGE = YES_ERROR;
				CLANG_WARN_DOCUMENTATION_COMMENTS = YES;
				CLANG_WARN_EMPTY_BODY = YES;
				CLANG_WARN_ENUM_CONVERSION = YES;
				CLANG_WARN_INFINITE_RECURSION = YES;
				CLANG_WARN_INT_CONVERSION = YES;
				CLANG_WARN_NON_LITERAL_NULL_CONVERSION = YES;
				CLANG_WARN_OBJC_IMPLICIT_RETAIN_SELF = YES;
				CLANG_WARN_OBJC_LITERAL_CONVERSION = YES;
				CLANG_WARN_OBJC_ROOT_CLASS = YES_ERROR;
				CLANG_WARN_QUOTED_INCLUDE_IN_FRAMEWORK_HEADER = YES;
				CLANG_WARN_RANGE_LOOP_ANALYSIS = YES;
				CLANG_WARN_STRICT_PROTOTYPES = YES;
				CLANG_WARN_SUSPICIOUS_MOVE = YES;
				CLANG_WARN_UNGUARDED_AVAILABILITY = YES_AGGRESSIVE;
				CLANG_WARN_UNREACHABLE_CODE = YES;
				CLANG_WARN__DUPLICATE_METHOD_MATCH = YES;
				COPY_PHASE_STRIP = NO;
				DEBUG_INFORMATION_FORMAT = dwarf;
				ENABLE_STRICT_OBJC_MSGSEND = YES;
				ENABLE_TESTABILITY = YES;
				GCC_C_LANGUAGE_STANDARD = gnu11;
				GCC_DYNAMIC_NO_PIC = NO;
				GCC_NO_COMMON_BLOCKS = YES;
				GCC_OPTIMIZATION_LEVEL = 0;
				GCC_PREPROCESSOR_DEFINITIONS = (
					"DEBUG=1",
					"$(inherited)",
				);
				GCC_WARN_64_TO_32_BIT_CONVERSION = YES;
				GCC_WARN_ABOUT_RETURN_TYPE = YES_ERROR;
				GCC_WARN_UNDECLARED_SELECTOR = YES;
				GCC_WARN_UNINITIALIZED_AUTOS = YES_AGGRESSIVE;
				GCC_WARN_UNUSED_FUNCTION = YES;
				GCC_WARN_UNUSED_VARIABLE = YES;
				IPHONEOS_DEPLOYMENT_TARGET = 15.0;
				MACOSX_DEPLOYMENT_TARGET = 12.0;
				MTL_ENABLE_DEBUG_INFO = INCLUDE_SOURCE;
				MTL_FAST_MATH = YES;
				ONLY_ACTIVE_ARCH = YES;
				SWIFT_ACTIVE_COMPILATION_CONDITIONS = DEBUG;
				SWIFT_OPTIMIZATION_LEVEL = "-Onone";
			};
			name = Debug;
		};
		03E83D0626E1690F00746B29 /* Release */ = {
			isa = XCBuildConfiguration;
			buildSettings = {
				ALWAYS_SEARCH_USER_PATHS = NO;
				CLANG_ANALYZER_NONNULL = YES;
				CLANG_ANALYZER_NUMBER_OBJECT_CONVERSION = YES_AGGRESSIVE;
				CLANG_CXX_LANGUAGE_STANDARD = "gnu++17";
				CLANG_CXX_LIBRARY = "libc++";
				CLANG_ENABLE_MODULES = YES;
				CLANG_ENABLE_OBJC_ARC = YES;
				CLANG_ENABLE_OBJC_WEAK = YES;
				CLANG_WARN_BLOCK_CAPTURE_AUTORELEASING = YES;
				CLANG_WARN_BOOL_CONVERSION = YES;
				CLANG_WARN_COMMA = YES;
				CLANG_WARN_CONSTANT_CONVERSION = YES;
				CLANG_WARN_DEPRECATED_OBJC_IMPLEMENTATIONS = YES;
				CLANG_WARN_DIRECT_OBJC_ISA_USAGE = YES_ERROR;
				CLANG_WARN_DOCUMENTATION_COMMENTS = YES;
				CLANG_WARN_EMPTY_BODY = YES;
				CLANG_WARN_ENUM_CONVERSION = YES;
				CLANG_WARN_INFINITE_RECURSION = YES;
				CLANG_WARN_INT_CONVERSION = YES;
				CLANG_WARN_NON_LITERAL_NULL_CONVERSION = YES;
				CLANG_WARN_OBJC_IMPLICIT_RETAIN_SELF = YES;
				CLANG_WARN_OBJC_LITERAL_CONVERSION = YES;
				CLANG_WARN_OBJC_ROOT_CLASS = YES_ERROR;
				CLANG_WARN_QUOTED_INCLUDE_IN_FRAMEWORK_HEADER = YES;
				CLANG_WARN_RANGE_LOOP_ANALYSIS = YES;
				CLANG_WARN_STRICT_PROTOTYPES = YES;
				CLANG_WARN_SUSPICIOUS_MOVE = YES;
				CLANG_WARN_UNGUARDED_AVAILABILITY = YES_AGGRESSIVE;
				CLANG_WARN_UNREACHABLE_CODE = YES;
				CLANG_WARN__DUPLICATE_METHOD_MATCH = YES;
				COPY_PHASE_STRIP = NO;
				DEBUG_INFORMATION_FORMAT = "dwarf-with-dsym";
				ENABLE_NS_ASSERTIONS = NO;
				ENABLE_STRICT_OBJC_MSGSEND = YES;
				GCC_C_LANGUAGE_STANDARD = gnu11;
				GCC_NO_COMMON_BLOCKS = YES;
				GCC_WARN_64_TO_32_BIT_CONVERSION = YES;
				GCC_WARN_ABOUT_RETURN_TYPE = YES_ERROR;
				GCC_WARN_UNDECLARED_SELECTOR = YES;
				GCC_WARN_UNINITIALIZED_AUTOS = YES_AGGRESSIVE;
				GCC_WARN_UNUSED_FUNCTION = YES;
				GCC_WARN_UNUSED_VARIABLE = YES;
				IPHONEOS_DEPLOYMENT_TARGET = 15.0;
				MACOSX_DEPLOYMENT_TARGET = 12.0;
				MTL_ENABLE_DEBUG_INFO = NO;
				MTL_FAST_MATH = YES;
				SWIFT_COMPILATION_MODE = wholemodule;
				SWIFT_OPTIMIZATION_LEVEL = "-O";
			};
			name = Release;
		};
		03E83D0826E1690F00746B29 /* Debug */ = {
			isa = XCBuildConfiguration;
			buildSettings = {
				ASSETCATALOG_COMPILER_APPICON_NAME = AppIcon;
				ASSETCATALOG_COMPILER_GLOBAL_ACCENT_COLOR_NAME = AccentColor;
				CODE_SIGN_STYLE = Automatic;
				CURRENT_PROJECT_VERSION = 5;
				DEVELOPMENT_TEAM = 9FJ6F4TT5T;
				ENABLE_PREVIEWS = YES;
				GENERATE_INFOPLIST_FILE = YES;
				INFOPLIST_FILE = "Glagolitsa--iOS--Info.plist";
				INFOPLIST_KEY_CFBundleDisplayName = "Ⰳⰾⰰⰳⱁⰾⰻⱌⰰ";
				INFOPLIST_KEY_NSPhotoLibraryAddUsageDescription = "Данное разрешение необходимо для сохранения картинки в галерею.";
				INFOPLIST_KEY_UIApplicationSceneManifest_Generation = YES;
				INFOPLIST_KEY_UIApplicationSupportsIndirectInputEvents = YES;
				INFOPLIST_KEY_UILaunchScreen_Generation = YES;
				INFOPLIST_KEY_UISupportedInterfaceOrientations_iPad = "UIInterfaceOrientationPortrait UIInterfaceOrientationPortraitUpsideDown UIInterfaceOrientationLandscapeLeft UIInterfaceOrientationLandscapeRight";
				INFOPLIST_KEY_UISupportedInterfaceOrientations_iPhone = "UIInterfaceOrientationPortrait UIInterfaceOrientationLandscapeLeft UIInterfaceOrientationLandscapeRight";
				IPHONEOS_DEPLOYMENT_TARGET = 15.0;
				LD_RUNPATH_SEARCH_PATHS = (
					"$(inherited)",
					"@executable_path/Frameworks",
				);
				MARKETING_VERSION = 1.0.0;
				PRODUCT_BUNDLE_IDENTIFIER = software.kanunnikoff.Glagolitsa;
				PRODUCT_NAME = Glagolitsa;
				SDKROOT = iphoneos;
				SWIFT_EMIT_LOC_STRINGS = YES;
				SWIFT_VERSION = 5.0;
				TARGETED_DEVICE_FAMILY = "1,2";
			};
			name = Debug;
		};
		03E83D0926E1690F00746B29 /* Release */ = {
			isa = XCBuildConfiguration;
			buildSettings = {
				ASSETCATALOG_COMPILER_APPICON_NAME = AppIcon;
				ASSETCATALOG_COMPILER_GLOBAL_ACCENT_COLOR_NAME = AccentColor;
				CODE_SIGN_STYLE = Automatic;
				CURRENT_PROJECT_VERSION = 5;
				DEVELOPMENT_TEAM = 9FJ6F4TT5T;
				ENABLE_PREVIEWS = YES;
				GENERATE_INFOPLIST_FILE = YES;
				INFOPLIST_FILE = "Glagolitsa--iOS--Info.plist";
				INFOPLIST_KEY_CFBundleDisplayName = "Ⰳⰾⰰⰳⱁⰾⰻⱌⰰ";
				INFOPLIST_KEY_NSPhotoLibraryAddUsageDescription = "Данное разрешение необходимо для сохранения картинки в галерею.";
				INFOPLIST_KEY_UIApplicationSceneManifest_Generation = YES;
				INFOPLIST_KEY_UIApplicationSupportsIndirectInputEvents = YES;
				INFOPLIST_KEY_UILaunchScreen_Generation = YES;
				INFOPLIST_KEY_UISupportedInterfaceOrientations_iPad = "UIInterfaceOrientationPortrait UIInterfaceOrientationPortraitUpsideDown UIInterfaceOrientationLandscapeLeft UIInterfaceOrientationLandscapeRight";
				INFOPLIST_KEY_UISupportedInterfaceOrientations_iPhone = "UIInterfaceOrientationPortrait UIInterfaceOrientationLandscapeLeft UIInterfaceOrientationLandscapeRight";
				IPHONEOS_DEPLOYMENT_TARGET = 15.0;
				LD_RUNPATH_SEARCH_PATHS = (
					"$(inherited)",
					"@executable_path/Frameworks",
				);
				MARKETING_VERSION = 1.0.0;
				PRODUCT_BUNDLE_IDENTIFIER = software.kanunnikoff.Glagolitsa;
				PRODUCT_NAME = Glagolitsa;
				SDKROOT = iphoneos;
				SWIFT_EMIT_LOC_STRINGS = YES;
				SWIFT_VERSION = 5.0;
				TARGETED_DEVICE_FAMILY = "1,2";
				VALIDATE_PRODUCT = YES;
			};
			name = Release;
		};
		03E83D0B26E1690F00746B29 /* Debug */ = {
			isa = XCBuildConfiguration;
			buildSettings = {
				ASSETCATALOG_COMPILER_APPICON_NAME = AppIcon;
				ASSETCATALOG_COMPILER_GLOBAL_ACCENT_COLOR_NAME = AccentColor;
				CODE_SIGN_IDENTITY = "-";
				CODE_SIGN_STYLE = Automatic;
				COMBINE_HIDPI_IMAGES = YES;
				CURRENT_PROJECT_VERSION = 1;
				DEVELOPMENT_TEAM = 9FJ6F4TT5T;
				ENABLE_APP_SANDBOX = YES;
				ENABLE_HARDENED_RUNTIME = YES;
				ENABLE_PREVIEWS = YES;
				ENABLE_USER_SELECTED_FILES = readonly;
				GENERATE_INFOPLIST_FILE = YES;
				INFOPLIST_FILE = "Glagolitsa--macOS--Info.plist";
				INFOPLIST_KEY_LSApplicationCategoryType = "public.app-category.education";
				INFOPLIST_KEY_NSHumanReadableCopyright = "";
				INFOPLIST_KEY_NSPhotoLibraryAddUsageDescription = "Данное разрешение необходимо для сохранения картинки в галерею.";
				LD_RUNPATH_SEARCH_PATHS = (
					"$(inherited)",
					"@executable_path/../Frameworks",
				);
				MACOSX_DEPLOYMENT_TARGET = 12.0;
				MARKETING_VERSION = 1.0.0;
				PRODUCT_BUNDLE_IDENTIFIER = software.kanunnikoff.Glagolitsa;
				PRODUCT_NAME = Glagolitsa;
				SDKROOT = macosx;
				SWIFT_EMIT_LOC_STRINGS = YES;
				SWIFT_VERSION = 5.0;
			};
			name = Debug;
		};
		03E83D0C26E1690F00746B29 /* Release */ = {
			isa = XCBuildConfiguration;
			buildSettings = {
				ASSETCATALOG_COMPILER_APPICON_NAME = AppIcon;
				ASSETCATALOG_COMPILER_GLOBAL_ACCENT_COLOR_NAME = AccentColor;
				CODE_SIGN_IDENTITY = "-";
				CODE_SIGN_STYLE = Automatic;
				COMBINE_HIDPI_IMAGES = YES;
				CURRENT_PROJECT_VERSION = 1;
				DEVELOPMENT_TEAM = 9FJ6F4TT5T;
				ENABLE_APP_SANDBOX = YES;
				ENABLE_HARDENED_RUNTIME = YES;
				ENABLE_PREVIEWS = YES;
				ENABLE_USER_SELECTED_FILES = readonly;
				GENERATE_INFOPLIST_FILE = YES;
				INFOPLIST_FILE = "Glagolitsa--macOS--Info.plist";
				INFOPLIST_KEY_LSApplicationCategoryType = "public.app-category.education";
				INFOPLIST_KEY_NSHumanReadableCopyright = "";
				INFOPLIST_KEY_NSPhotoLibraryAddUsageDescription = "Данное разрешение необходимо для сохранения картинки в галерею.";
				LD_RUNPATH_SEARCH_PATHS = (
					"$(inherited)",
					"@executable_path/../Frameworks",
				);
				MACOSX_DEPLOYMENT_TARGET = 12.0;
				MARKETING_VERSION = 1.0.0;
				PRODUCT_BUNDLE_IDENTIFIER = software.kanunnikoff.Glagolitsa;
				PRODUCT_NAME = Glagolitsa;
				SDKROOT = macosx;
				SWIFT_EMIT_LOC_STRINGS = YES;
				SWIFT_VERSION = 5.0;
			};
			name = Release;
		};
/* End XCBuildConfiguration section */

/* Begin XCConfigurationList section */
		03E83CEF26E1690C00746B29 /* Build configuration list for PBXProject "Glagolitsa" */ = {
			isa = XCConfigurationList;
			buildConfigurations = (
				03E83D0526E1690F00746B29 /* Debug */,
				03E83D0626E1690F00746B29 /* Release */,
			);
			defaultConfigurationIsVisible = 0;
			defaultConfigurationName = Release;
		};
		03E83D0726E1690F00746B29 /* Build configuration list for PBXNativeTarget "Glagolitsa (iOS)" */ = {
			isa = XCConfigurationList;
			buildConfigurations = (
				03E83D0826E1690F00746B29 /* Debug */,
				03E83D0926E1690F00746B29 /* Release */,
			);
			defaultConfigurationIsVisible = 0;
			defaultConfigurationName = Release;
		};
		03E83D0A26E1690F00746B29 /* Build configuration list for PBXNativeTarget "Glagolitsa (macOS)" */ = {
			isa = XCConfigurationList;
			buildConfigurations = (
				03E83D0B26E1690F00746B29 /* Debug */,
				03E83D0C26E1690F00746B29 /* Release */,
			);
			defaultConfigurationIsVisible = 0;
			defaultConfigurationName = Release;
		};
/* End XCConfigurationList section */
	};
	rootObject = 03E83CEC26E1690C00746B29 /* Project object */;
}
