<?xml version="1.0" encoding="UTF-8"?>
<Scheme
   version = "1.3">
   <BuildAction>
      <BuildActionEntries>
         <BuildActionEntry
            buildForRunning = "YES">
            <BuildableReference
               BuildableIdentifier = "primary"
               BlueprintIdentifier = "03E83CF726E1690E00746B29"
               BuildableName = "Glagolitsa.app"
               BlueprintName = "Glagolitsa (iOS)"
               ReferencedContainer = "container:Glagolitsa.xcodeproj">
            </BuildableReference>
         </BuildActionEntry>
      </BuildActionEntries>
   </BuildAction>
   <LaunchAction
      useCustomWorkingDirectory = "NO"
      buildConfiguration = "Debug"
      allowLocationSimulation = "YES">
      <BuildableProductRunnable>
         <BuildableReference
            BuildableIdentifier = "primary"
            BlueprintIdentifier = "03E83CF726E1690E00746B29"
            BuildableName = "Glagolitsa.app"
            BlueprintName = "Glagolitsa (iOS)"
            ReferencedContainer = "container:Glagolitsa.xcodeproj">
         </BuildableReference>
      </BuildableProductRunnable>
   </LaunchAction>
</Scheme>
